// !$*UTF8*$!
{
	archiveVersion = 1;
	classes = {
	};
	objectVersion = 46;
	objects = {

/* Begin PBXBuildFile section */
		120DEB1B1DA1D3C9002D7904 /* FLZAppDelegate.swift in Sources */ = {isa = PBXBuildFile; fileRef = 120DEB1A1DA1D3C9002D7904 /* FLZAppDelegate.swift */; };
		120DEB1D1DA1D3C9002D7904 /* FLZViewController.swift in Sources */ = {isa = PBXBuildFile; fileRef = 120DEB1C1DA1D3C9002D7904 /* FLZViewController.swift */; };
		120DEB201DA1D3C9002D7904 /* Main.storyboard in Resources */ = {isa = PBXBuildFile; fileRef = 120DEB1E1DA1D3C9002D7904 /* Main.storyboard */; };
		120DEB221DA1D3C9002D7904 /* Assets.xcassets in Resources */ = {isa = PBXBuildFile; fileRef = 120DEB211DA1D3C9002D7904 /* Assets.xcassets */; };
		120DEB251DA1D3C9002D7904 /* LaunchScreen.storyboard in Resources */ = {isa = PBXBuildFile; fileRef = 120DEB231DA1D3C9002D7904 /* LaunchScreen.storyboard */; };
		120DEB301DA1D3C9002D7904 /* fylzTests.swift in Sources */ = {isa = PBXBuildFile; fileRef = 120DEB2F1DA1D3C9002D7904 /* fylzTests.swift */; };
/* End PBXBuildFile section */

/* Begin PBXContainerItemProxy section */
		120DEB2C1DA1D3C9002D7904 /* PBXContainerItemProxy */ = {
			isa = PBXContainerItemProxy;
			containerPortal = 120DEB0F1DA1D3C9002D7904 /* Project object */;
			proxyType = 1;
			remoteGlobalIDString = 120DEB161DA1D3C9002D7904;
			remoteInfo = fylz;
		};
/* End PBXContainerItemProxy section */

/* Begin PBXFileReference section */
		120DEB171DA1D3C9002D7904 /* fylz.app */ = {isa = PBXFileReference; explicitFileType = wrapper.application; includeInIndex = 0; path = fylz.app; sourceTree = BUILT_PRODUCTS_DIR; };
		120DEB1A1DA1D3C9002D7904 /* FLZAppDelegate.swift */ = {isa = PBXFileReference; lastKnownFileType = sourcecode.swift; path = FLZAppDelegate.swift; sourceTree = "<group>"; };
		120DEB1C1DA1D3C9002D7904 /* FLZViewController.swift */ = {isa = PBXFileReference; lastKnownFileType = sourcecode.swift; path = FLZViewController.swift; sourceTree = "<group>"; };
		120DEB1F1DA1D3C9002D7904 /* Base */ = {isa = PBXFileReference; lastKnownFileType = file.storyboard; name = Base; path = Base.lproj/Main.storyboard; sourceTree = "<group>"; };
		120DEB211DA1D3C9002D7904 /* Assets.xcassets */ = {isa = PBXFileReference; lastKnownFileType = folder.assetcatalog; path = Assets.xcassets; sourceTree = "<group>"; };
		120DEB241DA1D3C9002D7904 /* Base */ = {isa = PBXFileReference; lastKnownFileType = file.storyboard; name = Base; path = Base.lproj/LaunchScreen.storyboard; sourceTree = "<group>"; };
		120DEB261DA1D3C9002D7904 /* Info.plist */ = {isa = PBXFileReference; lastKnownFileType = text.plist.xml; path = Info.plist; sourceTree = "<group>"; };
		120DEB2B1DA1D3C9002D7904 /* fylzTests.xctest */ = {isa = PBXFileReference; explicitFileType = wrapper.cfbundle; includeInIndex = 0; path = fylzTests.xctest; sourceTree = BUILT_PRODUCTS_DIR; };
		120DEB2F1DA1D3C9002D7904 /* fylzTests.swift */ = {isa = PBXFileReference; lastKnownFileType = sourcecode.swift; path = fylzTests.swift; sourceTree = "<group>"; };
		120DEB311DA1D3C9002D7904 /* Info.plist */ = {isa = PBXFileReference; lastKnownFileType = text.plist.xml; path = Info.plist; sourceTree = "<group>"; };
/* End PBXFileReference section */

/* Begin PBXFrameworksBuildPhase section */
		120DEB141DA1D3C9002D7904 /* Frameworks */ = {
			isa = PBXFrameworksBuildPhase;
			buildActionMask = 2147483647;
			files = (
			);
			runOnlyForDeploymentPostprocessing = 0;
		};
		120DEB281DA1D3C9002D7904 /* Frameworks */ = {
			isa = PBXFrameworksBuildPhase;
			buildActionMask = 2147483647;
			files = (
			);
			runOnlyForDeploymentPostprocessing = 0;
		};
/* End PBXFrameworksBuildPhase section */

/* Begin PBXGroup section */
		120DEB0E1DA1D3C9002D7904 = {
			isa = PBXGroup;
			children = (
				120DEB191DA1D3C9002D7904 /* fylz */,
				120DEB2E1DA1D3C9002D7904 /* fylzTests */,
				120DEB181DA1D3C9002D7904 /* Products */,
			);
			sourceTree = "<group>";
		};
		120DEB181DA1D3C9002D7904 /* Products */ = {
			isa = PBXGroup;
			children = (
				120DEB171DA1D3C9002D7904 /* fylz.app */,
				120DEB2B1DA1D3C9002D7904 /* fylzTests.xctest */,
			);
			name = Products;
			sourceTree = "<group>";
		};
		120DEB191DA1D3C9002D7904 /* fylz */ = {
			isa = PBXGroup;
			children = (
				120DEB3E1DA1D5F0002D7904 /* Model */,
				120DEB3D1DA1D5DA002D7904 /* ViewController */,
				120DEB3C1DA1D5D0002D7904 /* View */,
				120DEB3B1DA1D5C6002D7904 /* Storyboards */,
				120DEB3A1DA1D5B7002D7904 /* Support Files */,
			);
			path = fylz;
			sourceTree = "<group>";
		};
		120DEB2E1DA1D3C9002D7904 /* fylzTests */ = {
			isa = PBXGroup;
			children = (
				120DEB2F1DA1D3C9002D7904 /* fylzTests.swift */,
				120DEB311DA1D3C9002D7904 /* Info.plist */,
			);
			path = fylzTests;
			sourceTree = "<group>";
		};
		120DEB3A1DA1D5B7002D7904 /* Support Files */ = {
			isa = PBXGroup;
			children = (
				120DEB1A1DA1D3C9002D7904 /* FLZAppDelegate.swift */,
				120DEB211DA1D3C9002D7904 /* Assets.xcassets */,
				120DEB261DA1D3C9002D7904 /* Info.plist */,
			);
			name = "Support Files";
			sourceTree = "<group>";
		};
		120DEB3B1DA1D5C6002D7904 /* Storyboards */ = {
			isa = PBXGroup;
			children = (
				120DEB1E1DA1D3C9002D7904 /* Main.storyboard */,
				120DEB231DA1D3C9002D7904 /* LaunchScreen.storyboard */,
			);
			name = Storyboards;
			sourceTree = "<group>";
		};
		120DEB3C1DA1D5D0002D7904 /* View */ = {
			isa = PBXGroup;
			children = (
			);
			name = View;
			sourceTree = "<group>";
		};
		120DEB3D1DA1D5DA002D7904 /* ViewController */ = {
			isa = PBXGroup;
			children = (
				120DEB1C1DA1D3C9002D7904 /* FLZViewController.swift */,
			);
			name = ViewController;
			sourceTree = "<group>";
		};
		120DEB3E1DA1D5F0002D7904 /* Model */ = {
			isa = PBXGroup;
			children = (
			);
			name = Model;
			sourceTree = "<group>";
		};
/* End PBXGroup section */

/* Begin PBXNativeTarget section */
		120DEB161DA1D3C9002D7904 /* fylz */ = {
			isa = PBXNativeTarget;
			buildConfigurationList = 120DEB341DA1D3C9002D7904 /* Build configuration list for PBXNativeTarget "fylz" */;
			buildPhases = (
				120DEB131DA1D3C9002D7904 /* Sources */,
				120DEB141DA1D3C9002D7904 /* Frameworks */,
				120DEB151DA1D3C9002D7904 /* Resources */,
			);
			buildRules = (
			);
			dependencies = (
			);
			name = fylz;
			productName = fylz;
			productReference = 120DEB171DA1D3C9002D7904 /* fylz.app */;
			productType = "com.apple.product-type.application";
		};
		120DEB2A1DA1D3C9002D7904 /* fylzTests */ = {
			isa = PBXNativeTarget;
			buildConfigurationList = 120DEB371DA1D3C9002D7904 /* Build configuration list for PBXNativeTarget "fylzTests" */;
			buildPhases = (
				120DEB271DA1D3C9002D7904 /* Sources */,
				120DEB281DA1D3C9002D7904 /* Frameworks */,
				120DEB291DA1D3C9002D7904 /* Resources */,
			);
			buildRules = (
			);
			dependencies = (
				120DEB2D1DA1D3C9002D7904 /* PBXTargetDependency */,
			);
			name = fylzTests;
			productName = fylzTests;
			productReference = 120DEB2B1DA1D3C9002D7904 /* fylzTests.xctest */;
			productType = "com.apple.product-type.bundle.unit-test";
		};
/* End PBXNativeTarget section */

/* Begin PBXProject section */
		120DEB0F1DA1D3C9002D7904 /* Project object */ = {
			isa = PBXProject;
			attributes = {
				LastSwiftUpdateCheck = 0730;
				LastUpgradeCheck = 0730;
				ORGANIZATIONNAME = ArsenykUstaris;
				TargetAttributes = {
					120DEB161DA1D3C9002D7904 = {
						CreatedOnToolsVersion = 7.3.1;
						DevelopmentTeam = 65JJ25F4V6;
					};
					120DEB2A1DA1D3C9002D7904 = {
						CreatedOnToolsVersion = 7.3.1;
						TestTargetID = 120DEB161DA1D3C9002D7904;
					};
				};
			};
			buildConfigurationList = 120DEB121DA1D3C9002D7904 /* Build configuration list for PBXProject "fylz" */;
			compatibilityVersion = "Xcode 3.2";
			developmentRegion = English;
			hasScannedForEncodings = 0;
			knownRegions = (
				en,
				Base,
			);
			mainGroup = 120DEB0E1DA1D3C9002D7904;
			productRefGroup = 120DEB181DA1D3C9002D7904 /* Products */;
			projectDirPath = "";
			projectRoot = "";
			targets = (
				120DEB161DA1D3C9002D7904 /* fylz */,
				120DEB2A1DA1D3C9002D7904 /* fylzTests */,
			);
		};
/* End PBXProject section */

/* Begin PBXResourcesBuildPhase section */
		120DEB151DA1D3C9002D7904 /* Resources */ = {
			isa = PBXResourcesBuildPhase;
			buildActionMask = 2147483647;
			files = (
				120DEB251DA1D3C9002D7904 /* LaunchScreen.storyboard in Resources */,
				120DEB221DA1D3C9002D7904 /* Assets.xcassets in Resources */,
				120DEB201DA1D3C9002D7904 /* Main.storyboard in Resources */,
			);
			runOnlyForDeploymentPostprocessing = 0;
		};
		120DEB291DA1D3C9002D7904 /* Resources */ = {
			isa = PBXResourcesBuildPhase;
			buildActionMask = 2147483647;
			files = (
			);
			runOnlyForDeploymentPostprocessing = 0;
		};
/* End PBXResourcesBuildPhase section */

/* Begin PBXSourcesBuildPhase section */
		120DEB131DA1D3C9002D7904 /* Sources */ = {
			isa = PBXSourcesBuildPhase;
			buildActionMask = 2147483647;
			files = (
				120DEB1D1DA1D3C9002D7904 /* FLZViewController.swift in Sources */,
				120DEB1B1DA1D3C9002D7904 /* FLZAppDelegate.swift in Sources */,
			);
			runOnlyForDeploymentPostprocessing = 0;
		};
		120DEB271DA1D3C9002D7904 /* Sources */ = {
			isa = PBXSourcesBuildPhase;
			buildActionMask = 2147483647;
			files = (
				120DEB301DA1D3C9002D7904 /* fylzTests.swift in Sources */,
			);
			runOnlyForDeploymentPostprocessing = 0;
		};
/* End PBXSourcesBuildPhase section */

/* Begin PBXTargetDependency section */
		120DEB2D1DA1D3C9002D7904 /* PBXTargetDependency */ = {
			isa = PBXTargetDependency;
			target = 120DEB161DA1D3C9002D7904 /* fylz */;
			targetProxy = 120DEB2C1DA1D3C9002D7904 /* PBXContainerItemProxy */;
		};
/* End PBXTargetDependency section */

/* Begin PBXVariantGroup section */
		120DEB1E1DA1D3C9002D7904 /* Main.storyboard */ = {
			isa = PBXVariantGroup;
			children = (
				120DEB1F1DA1D3C9002D7904 /* Base */,
			);
			name = Main.storyboard;
			sourceTree = "<group>";
		};
		120DEB231DA1D3C9002D7904 /* LaunchScreen.storyboard */ = {
			isa = PBXVariantGroup;
			children = (
				120DEB241DA1D3C9002D7904 /* Base */,
			);
			name = LaunchScreen.storyboard;
			sourceTree = "<group>";
		};
/* End PBXVariantGroup section */

/* Begin XCBuildConfiguration section */
		120DEB321DA1D3C9002D7904 /* Debug */ = {
			isa = XCBuildConfiguration;
			buildSettings = {
				ALWAYS_SEARCH_USER_PATHS = NO;
				CLANG_ANALYZER_NONNULL = YES;
				CLANG_CXX_LANGUAGE_STANDARD = "gnu++0x";
				CLANG_CXX_LIBRARY = "libc++";
				CLANG_ENABLE_MODULES = YES;
				CLANG_ENABLE_OBJC_ARC = YES;
				CLANG_WARN_BOOL_CONVERSION = YES;
				CLANG_WARN_CONSTANT_CONVERSION = YES;
				CLANG_WARN_DIRECT_OBJC_ISA_USAGE = YES_ERROR;
				CLANG_WARN_EMPTY_BODY = YES;
				CLANG_WARN_ENUM_CONVERSION = YES;
				CLANG_WARN_INT_CONVERSION = YES;
				CLANG_WARN_OBJC_ROOT_CLASS = YES_ERROR;
				CLANG_WARN_UNREACHABLE_CODE = YES;
				CLANG_WARN__DUPLICATE_METHOD_MATCH = YES;
				"CODE_SIGN_IDENTITY[sdk=iphoneos*]" = "iPhone Developer";
				COPY_PHASE_STRIP = NO;
				DEBUG_INFORMATION_FORMAT = dwarf;
				ENABLE_STRICT_OBJC_MSGSEND = YES;
				ENABLE_TESTABILITY = YES;
				GCC_C_LANGUAGE_STANDARD = gnu99;
				GCC_DYNAMIC_NO_PIC = NO;
				GCC_NO_COMMON_BLOCKS = YES;
				GCC_OPTIMIZATION_LEVEL = 0;
				GCC_PREPROCESSOR_DEFINITIONS = (
					"DEBUG=1",
					"$(inherited)",
				);
				GCC_WARN_64_TO_32_BIT_CONVERSION = YES;
				GCC_WARN_ABOUT_RETURN_TYPE = YES_ERROR;
				GCC_WARN_UNDECLARED_SELECTOR = YES;
				GCC_WARN_UNINITIALIZED_AUTOS = YES_AGGRESSIVE;
				GCC_WARN_UNUSED_FUNCTION = YES;
				GCC_WARN_UNUSED_VARIABLE = YES;
				IPHONEOS_DEPLOYMENT_TARGET = 9.3;
				MTL_ENABLE_DEBUG_INFO = YES;
				ONLY_ACTIVE_ARCH = YES;
				SDKROOT = iphoneos;
				SWIFT_OPTIMIZATION_LEVEL = "-Onone";
				TARGETED_DEVICE_FAMILY = "1,2";
			};
			name = Debug;
		};
		120DEB331DA1D3C9002D7904 /* Release */ = {
			isa = XCBuildConfiguration;
			buildSettings = {
				ALWAYS_SEARCH_USER_PATHS = NO;
				CLANG_ANALYZER_NONNULL = YES;
				CLANG_CXX_LANGUAGE_STANDARD = "gnu++0x";
				CLANG_CXX_LIBRARY = "libc++";
				CLANG_ENABLE_MODULES = YES;
				CLANG_ENABLE_OBJC_ARC = YES;
				CLANG_WARN_BOOL_CONVERSION = YES;
				CLANG_WARN_CONSTANT_CONVERSION = YES;
				CLANG_WARN_DIRECT_OBJC_ISA_USAGE = YES_ERROR;
				CLANG_WARN_EMPTY_BODY = YES;
				CLANG_WARN_ENUM_CONVERSION = YES;
				CLANG_WARN_INT_CONVERSION = YES;
				CLANG_WARN_OBJC_ROOT_CLASS = YES_ERROR;
				CLANG_WARN_UNREACHABLE_CODE = YES;
				CLANG_WARN__DUPLICATE_METHOD_MATCH = YES;
				"CODE_SIGN_IDENTITY[sdk=iphoneos*]" = "iPhone Developer";
				COPY_PHASE_STRIP = NO;
				DEBUG_INFORMATION_FORMAT = "dwarf-with-dsym";
				ENABLE_NS_ASSERTIONS = NO;
				ENABLE_STRICT_OBJC_MSGSEND = YES;
				GCC_C_LANGUAGE_STANDARD = gnu99;
				GCC_NO_COMMON_BLOCKS = YES;
				GCC_WARN_64_TO_32_BIT_CONVERSION = YES;
				GCC_WARN_ABOUT_RETURN_TYPE = YES_ERROR;
				GCC_WARN_UNDECLARED_SELECTOR = YES;
				GCC_WARN_UNINITIALIZED_AUTOS = YES_AGGRESSIVE;
				GCC_WARN_UNUSED_FUNCTION = YES;
				GCC_WARN_UNUSED_VARIABLE = YES;
				IPHONEOS_DEPLOYMENT_TARGET = 9.3;
				MTL_ENABLE_DEBUG_INFO = NO;
				SDKROOT = iphoneos;
				TARGETED_DEVICE_FAMILY = "1,2";
				VALIDATE_PRODUCT = YES;
			};
			name = Release;
		};
		120DEB351DA1D3C9002D7904 /* Debug */ = {
			isa = XCBuildConfiguration;
			buildSettings = {
				ASSETCATALOG_COMPILER_APPICON_NAME = AppIcon;
				CODE_SIGN_IDENTITY = "iPhone Developer";
				INFOPLIST_FILE = fylz/Info.plist;
				LD_RUNPATH_SEARCH_PATHS = "$(inherited) @executable_path/Frameworks";
				PRODUCT_BUNDLE_IDENTIFIER = com.SingalongSoftware.fylz;
				PRODUCT_NAME = "$(TARGET_NAME)";
			};
			name = Debug;
		};
		120DEB361DA1D3C9002D7904 /* Release */ = {
			isa = XCBuildConfiguration;
			buildSettings = {
				ASSETCATALOG_COMPILER_APPICON_NAME = AppIcon;
				CODE_SIGN_IDENTITY = "iPhone Developer";
				INFOPLIST_FILE = fylz/Info.plist;
				LD_RUNPATH_SEARCH_PATHS = "$(inherited) @executable_path/Frameworks";
				PRODUCT_BUNDLE_IDENTIFIER = com.SingalongSoftware.fylz;
				PRODUCT_NAME = "$(TARGET_NAME)";
			};
			name = Release;
		};
		120DEB381DA1D3C9002D7904 /* Debug */ = {
			isa = XCBuildConfiguration;
			buildSettings = {
				BUNDLE_LOADER = "$(TEST_HOST)";
				INFOPLIST_FILE = fylzTests/Info.plist;
				LD_RUNPATH_SEARCH_PATHS = "$(inherited) @executable_path/Frameworks @loader_path/Frameworks";
				PRODUCT_BUNDLE_IDENTIFIER = com.SingalongSoftware.fylzTests;
				PRODUCT_NAME = "$(TARGET_NAME)";
				TEST_HOST = "$(BUILT_PRODUCTS_DIR)/fylz.app/fylz";
			};
			name = Debug;
		};
		120DEB391DA1D3C9002D7904 /* Release */ = {
			isa = XCBuildConfiguration;
			buildSettings = {
				BUNDLE_LOADER = "$(TEST_HOST)";
				INFOPLIST_FILE = fylzTests/Info.plist;
				LD_RUNPATH_SEARCH_PATHS = "$(inherited) @executable_path/Frameworks @loader_path/Frameworks";
				PRODUCT_BUNDLE_IDENTIFIER = com.SingalongSoftware.fylzTests;
				PRODUCT_NAME = "$(TARGET_NAME)";
				TEST_HOST = "$(BUILT_PRODUCTS_DIR)/fylz.app/fylz";
			};
			name = Release;
		};
/* End XCBuildConfiguration section */

/* Begin XCConfigurationList section */
		120DEB121DA1D3C9002D7904 /* Build configuration list for PBXProject "fylz" */ = {
			isa = XCConfigurationList;
			buildConfigurations = (
				120DEB321DA1D3C9002D7904 /* Debug */,
				120DEB331DA1D3C9002D7904 /* Release */,
			);
			defaultConfigurationIsVisible = 0;
			defaultConfigurationName = Release;
		};
		120DEB341DA1D3C9002D7904 /* Build configuration list for PBXNativeTarget "fylz" */ = {
			isa = XCConfigurationList;
			buildConfigurations = (
				120DEB351DA1D3C9002D7904 /* Debug */,
				120DEB361DA1D3C9002D7904 /* Release */,
			);
			defaultConfigurationIsVisible = 0;
		};
		120DEB371DA1D3C9002D7904 /* Build configuration list for PBXNativeTarget "fylzTests" */ = {
			isa = XCConfigurationList;
			buildConfigurations = (
				120DEB381DA1D3C9002D7904 /* Debug */,
				120DEB391DA1D3C9002D7904 /* Release */,
			);
			defaultConfigurationIsVisible = 0;
		};
/* End XCConfigurationList section */
	};
	rootObject = 120DEB0F1DA1D3C9002D7904 /* Project object */;
}
